
Microsoft Visual Studio Solution File, Format Version 12.00
# Visual Studio 15
Project("{FAE04EC0-301F-11D3-BF4B-00C04F79EFBC}") = "Assembly-CSharp-Editor", "Assembly-CSharp-Editor.csproj", "{752E4528-1246-F8A2-E856-7252729D4771}"
EndProject
Project("{FAE04EC0-301F-11D3-BF4B-00C04F79EFBC}") = "Assembly-CSharp", "Assembly-CSharp.csproj", "{59E749D2-4858-A2E8-3407-CDE4C1840539}"
EndProject
Global
	GlobalSection(SolutionConfigurationPlatforms) = preSolution
		Debug|Any CPU = Debug|Any CPU
		Release|Any CPU = Release|Any CPU
	EndGlobalSection
	GlobalSection(ProjectConfigurationPlatforms) = postSolution
		{752E4528-1246-F8A2-E856-7252729D4771}.Debug|Any CPU.ActiveCfg = Debug|Any CPU
		{752E4528-1246-F8A2-E856-7252729D4771}.Debug|Any CPU.Build.0 = Debug|Any CPU
		{752E4528-1246-F8A2-E856-7252729D4771}.Release|Any CPU.ActiveCfg = Release|Any CPU
		{752E4528-1246-F8A2-E856-7252729D4771}.Release|Any CPU.Build.0 = Release|Any CPU
		{59E749D2-4858-A2E8-3407-CDE4C1840539}.Debug|Any CPU.ActiveCfg = Debug|Any CPU
		{59E749D2-4858-A2E8-3407-CDE4C1840539}.Debug|Any CPU.Build.0 = Debug|Any CPU
		{59E749D2-4858-A2E8-3407-CDE4C1840539}.Release|Any CPU.ActiveCfg = Release|Any CPU
		{59E749D2-4858-A2E8-3407-CDE4C1840539}.Release|Any CPU.Build.0 = Release|Any CPU
	EndGlobalSection
	GlobalSection(SolutionProperties) = preSolution
		HideSolutionNode = FALSE
	EndGlobalSection
EndGlobal
