
Microsoft Visual Studio Solution File, Format Version 12.00
# Visual Studio 15
Project("{FAE04EC0-301F-11D3-BF4B-00C04F79EFBC}") = "Assembly-CSharp-Editor", "Assembly-CSharp-Editor.csproj", "{490BCD19-6EE1-7A52-67F7-3A4FB1B71DA1}"
EndProject
Project("{FAE04EC0-301F-11D3-BF4B-00C04F79EFBC}") = "Assembly-CSharp", "Assembly-CSharp.csproj", "{39513DC5-ECC3-9B8E-FB7E-D84F3083387B}"
EndProject
Global
	GlobalSection(SolutionConfigurationPlatforms) = preSolution
		Debug|Any CPU = Debug|Any CPU
		Release|Any CPU = Release|Any CPU
	EndGlobalSection
	GlobalSection(ProjectConfigurationPlatforms) = postSolution
		{490BCD19-6EE1-7A52-67F7-3A4FB1B71DA1}.Debug|Any CPU.ActiveCfg = Debug|Any CPU
		{490BCD19-6EE1-7A52-67F7-3A4FB1B71DA1}.Debug|Any CPU.Build.0 = Debug|Any CPU
		{490BCD19-6EE1-7A52-67F7-3A4FB1B71DA1}.Release|Any CPU.ActiveCfg = Release|Any CPU
		{490BCD19-6EE1-7A52-67F7-3A4FB1B71DA1}.Release|Any CPU.Build.0 = Release|Any CPU
		{39513DC5-ECC3-9B8E-FB7E-D84F3083387B}.Debug|Any CPU.ActiveCfg = Debug|Any CPU
		{39513DC5-ECC3-9B8E-FB7E-D84F3083387B}.Debug|Any CPU.Build.0 = Debug|Any CPU
		{39513DC5-ECC3-9B8E-FB7E-D84F3083387B}.Release|Any CPU.ActiveCfg = Release|Any CPU
		{39513DC5-ECC3-9B8E-FB7E-D84F3083387B}.Release|Any CPU.Build.0 = Release|Any CPU
	EndGlobalSection
	GlobalSection(SolutionProperties) = preSolution
		HideSolutionNode = FALSE
	EndGlobalSection
EndGlobal
